
Microsoft Visual Studio Solution File, Format Version 12.00
# Visual Studio Version 17
VisualStudioVersion = 17.9.34622.214
MinimumVisualStudioVersion = 10.0.40219.1
Project("{9A19103F-16F7-4668-BE54-9A1E7A4F7556}") = "mtg", "mtg\mtg.csproj", "{A03E418C-AA65-437B-B29A-FF75FF7A0A55}"
EndProject
Global
	GlobalSection(SolutionConfigurationPlatforms) = preSolution
		Debug|Any CPU = Debug|Any CPU
		Release|Any CPU = Release|Any CPU
	EndGlobalSection
	GlobalSection(ProjectConfigurationPlatforms) = postSolution
		{A03E418C-AA65-437B-B29A-FF75FF7A0A55}.Debug|Any CPU.ActiveCfg = Debug|Any CPU
		{A03E418C-AA65-437B-B29A-FF75FF7A0A55}.Debug|Any CPU.Build.0 = Debug|Any CPU
		{A03E418C-AA65-437B-B29A-FF75FF7A0A55}.Release|Any CPU.ActiveCfg = Release|Any CPU
		{A03E418C-AA65-437B-B29A-FF75FF7A0A55}.Release|Any CPU.Build.0 = Release|Any CPU
	EndGlobalSection
	GlobalSection(SolutionProperties) = preSolution
		HideSolutionNode = FALSE
	EndGlobalSection
	GlobalSection(ExtensibilityGlobals) = postSolution
		SolutionGuid = {94B8E9FE-9E7E-4826-9E67-545790514085}
	EndGlobalSection
EndGlobal
